
Microsoft Visual Studio Solution File, Format Version 12.00
# Visual Studio 15
VisualStudioVersion = 15.0.27428.2011
MinimumVisualStudioVersion = 10.0.40219.1
Project("{FAE04EC0-301F-11D3-BF4B-00C04F79EFBC}") = "EntityEducation", "EntityEducation\EntityEducation.csproj", "{412B0946-89EF-4F79-A024-5A2DF46B1631}"
EndProject
Global
	GlobalSection(SolutionConfigurationPlatforms) = preSolution
		Debug|Any CPU = Debug|Any CPU
		Release|Any CPU = Release|Any CPU
	EndGlobalSection
	GlobalSection(ProjectConfigurationPlatforms) = postSolution
		{412B0946-89EF-4F79-A024-5A2DF46B1631}.Debug|Any CPU.ActiveCfg = Debug|Any CPU
		{412B0946-89EF-4F79-A024-5A2DF46B1631}.Debug|Any CPU.Build.0 = Debug|Any CPU
		{412B0946-89EF-4F79-A024-5A2DF46B1631}.Release|Any CPU.ActiveCfg = Release|Any CPU
		{412B0946-89EF-4F79-A024-5A2DF46B1631}.Release|Any CPU.Build.0 = Release|Any CPU
	EndGlobalSection
	GlobalSection(SolutionProperties) = preSolution
		HideSolutionNode = FALSE
	EndGlobalSection
	GlobalSection(ExtensibilityGlobals) = postSolution
		SolutionGuid = {A7B7060B-EF9F-432B-B64B-0E0D2A2C93D1}
	EndGlobalSection
EndGlobal
